
Microsoft Visual Studio Solution File, Format Version 12.00
# Visual Studio Version 17
VisualStudioVersion = 17.0.32112.339
MinimumVisualStudioVersion = 10.0.40219.1
Project("{FAE04EC0-301F-11D3-BF4B-00C04F79EFBC}") = "BasicCoreProgramming", "BasicCoreProgramming\BasicCoreProgramming.csproj", "{F0C69AD5-F4F0-4D79-A6E5-9BB71E4D26BB}"
EndProject
Global
	GlobalSection(SolutionConfigurationPlatforms) = preSolution
		Debug|Any CPU = Debug|Any CPU
		Release|Any CPU = Release|Any CPU
	EndGlobalSection
	GlobalSection(ProjectConfigurationPlatforms) = postSolution
		{F0C69AD5-F4F0-4D79-A6E5-9BB71E4D26BB}.Debug|Any CPU.ActiveCfg = Debug|Any CPU
		{F0C69AD5-F4F0-4D79-A6E5-9BB71E4D26BB}.Debug|Any CPU.Build.0 = Debug|Any CPU
		{F0C69AD5-F4F0-4D79-A6E5-9BB71E4D26BB}.Release|Any CPU.ActiveCfg = Release|Any CPU
		{F0C69AD5-F4F0-4D79-A6E5-9BB71E4D26BB}.Release|Any CPU.Build.0 = Release|Any CPU
	EndGlobalSection
	GlobalSection(SolutionProperties) = preSolution
		HideSolutionNode = FALSE
	EndGlobalSection
	GlobalSection(ExtensibilityGlobals) = postSolution
		SolutionGuid = {43E3B7B9-1B51-4853-A3C0-6DEE411D7022}
	EndGlobalSection
EndGlobal
